
Microsoft Visual Studio Solution File, Format Version 12.00
# Visual Studio Version 16
VisualStudioVersion = 16.0.31112.23
MinimumVisualStudioVersion = 10.0.40219.1
Project("{9A19103F-16F7-4668-BE54-9A1E7A4F7556}") = "Main.Web", "src\Main.Web\Main.Web.csproj", "{7CC9C506-9AFC-43EA-AC22-110D312345FA}"
EndProject
Project("{2150E333-8FDC-42A3-9474-1A3956D46DE8}") = "src", "src", "{343FDF41-9D4E-44C8-BD6C-776E1713C341}"
	ProjectSection(SolutionItems) = preProject
		src\Directory.Build.props = src\Directory.Build.props
	EndProjectSection
EndProject
Project("{2150E333-8FDC-42A3-9474-1A3956D46DE8}") = "tests", "tests", "{32935EC7-D2E9-474E-8DE8-A68C5BE115F0}"
	ProjectSection(SolutionItems) = preProject
		tests\Directory.Build.props = tests\Directory.Build.props
	EndProjectSection
EndProject
Project("{2150E333-8FDC-42A3-9474-1A3956D46DE8}") = "Solution Items", "Solution Items", "{63477B47-AD11-455F-9FEA-C54A4AF9E43D}"
	ProjectSection(SolutionItems) = preProject
		.editorconfig = .editorconfig
		.gitattributes = .gitattributes
		.gitignore = .gitignore
		Directory.Build.props = Directory.Build.props
		Directory.Packages.props = Directory.Packages.props
		LICENSE = LICENSE
		README.md = README.md
	EndProjectSection
EndProject
Project("{2150E333-8FDC-42A3-9474-1A3956D46DE8}") = "CrossCutting", "CrossCutting", "{012BE9F5-F994-4E89-B4E4-BE2046C602C4}"
	ProjectSection(SolutionItems) = preProject
		src\CrossCutting\Directory.Build.props = src\CrossCutting\Directory.Build.props
	EndProjectSection
EndProject
Project("{2150E333-8FDC-42A3-9474-1A3956D46DE8}") = "DependencyInjection", "DependencyInjection", "{1101DF4F-6808-4CDB-B6A4-B73FEAE920BF}"
EndProject
Project("{9A19103F-16F7-4668-BE54-9A1E7A4F7556}") = "DependencyInjection", "src\CrossCutting\DependencyInjection\DependencyInjection\DependencyInjection.csproj", "{7C58EAA3-4A50-4F02-9657-883F2A9990CC}"
EndProject
Project("{9A19103F-16F7-4668-BE54-9A1E7A4F7556}") = "DependencyInjection.Contracts", "src\CrossCutting\DependencyInjection\DependencyInjection.Contracts\DependencyInjection.Contracts.csproj", "{69C3F75E-DA89-4BA7-960A-83178870466C}"
EndProject
Project("{2150E333-8FDC-42A3-9474-1A3956D46DE8}") = "EndpointConfiguration", "EndpointConfiguration", "{2A77CA08-7FA6-48E7-847F-552F6018822C}"
EndProject
Project("{9A19103F-16F7-4668-BE54-9A1E7A4F7556}") = "EndpointConfiguration.Contracts", "src\CrossCutting\EndpointConfiguration\EndpointConfiguration.Contracts\EndpointConfiguration.Contracts.csproj", "{1B840D1C-8BD9-4D0A-98FA-D1E78F39FF11}"
EndProject
Project("{9A19103F-16F7-4668-BE54-9A1E7A4F7556}") = "EndpointConfiguration", "src\CrossCutting\EndpointConfiguration\EndpointConfiguration\EndpointConfiguration.csproj", "{FB8938C0-A09B-4E94-8146-CCA191D293AC}"
EndProject
Project("{9A19103F-16F7-4668-BE54-9A1E7A4F7556}") = "Kernel", "src\Kernel\Kernel.csproj", "{003079D5-C77D-47C4-A250-A840F34FE066}"
EndProject
Project("{2150E333-8FDC-42A3-9474-1A3956D46DE8}") = "Services", "Services", "{AA29641B-BC92-42AC-9225-B147412BF510}"
	ProjectSection(SolutionItems) = preProject
		src\Services\Directory.Build.props = src\Services\Directory.Build.props
		src\Services\ServiceA\ServiceA\ServiceA.csproj = src\Services\ServiceA\ServiceA\ServiceA.csproj
	EndProjectSection
EndProject
Project("{9A19103F-16F7-4668-BE54-9A1E7A4F7556}") = "Dummy.Tests", "tests\Dummy.Tests\Dummy.Tests.csproj", "{961DEA9D-49AD-46D6-AC8A-1787AFC28143}"
EndProject
Project("{2150E333-8FDC-42A3-9474-1A3956D46DE8}") = "ServiceA", "ServiceA", "{CAFECE49-40F7-4AC7-876B-BB3A08D99513}"
EndProject
Project("{2150E333-8FDC-42A3-9474-1A3956D46DE8}") = "ServiceB", "ServiceB", "{CD69DA22-FD3C-4242-B362-7D8871530060}"
EndProject
Project("{2150E333-8FDC-42A3-9474-1A3956D46DE8}") = "ServiceC", "ServiceC", "{3DAFB20A-7D58-43FF-BEBE-4B22A847150C}"
EndProject
Project("{9A19103F-16F7-4668-BE54-9A1E7A4F7556}") = "ServiceA.Contracts", "src\Services\ServiceA\ServiceA.Contracts\ServiceA.Contracts.csproj", "{A68C8928-A89E-4F25-A458-4DFFA7C1B2D4}"
EndProject
Project("{9A19103F-16F7-4668-BE54-9A1E7A4F7556}") = "ServiceB", "src\Services\ServiceB\ServiceB\ServiceB.csproj", "{A53FC3AE-37B6-4F68-88B7-0D1FC4400BA4}"
EndProject
Project("{9A19103F-16F7-4668-BE54-9A1E7A4F7556}") = "ServiceB.Contracts", "src\Services\ServiceB\ServiceB.Contracts\ServiceB.Contracts.csproj", "{BC8BBA16-3CA2-4927-83AD-AD1DA2AF8F7A}"
EndProject
Project("{9A19103F-16F7-4668-BE54-9A1E7A4F7556}") = "ServiceC", "src\Services\ServiceC\ServiceC\ServiceC.csproj", "{CC969F06-4FE9-443C-9D85-9D94E75AE4B1}"
EndProject
Project("{9A19103F-16F7-4668-BE54-9A1E7A4F7556}") = "ServiceC.Contracts", "src\Services\ServiceC\ServiceC.Contracts\ServiceC.Contracts.csproj", "{F50A7E06-1092-4C4B-BD11-C938B1A68F78}"
EndProject
Project("{9A19103F-16F7-4668-BE54-9A1E7A4F7556}") = "ServiceA", "src\Services\ServiceA\ServiceA\ServiceA.csproj", "{FE07CCB6-F0D7-49B0-B463-3A9658E9A91B}"
EndProject
Global
	GlobalSection(SolutionConfigurationPlatforms) = preSolution
		Debug|Any CPU = Debug|Any CPU
		Release|Any CPU = Release|Any CPU
	EndGlobalSection
	GlobalSection(ProjectConfigurationPlatforms) = postSolution
		{7CC9C506-9AFC-43EA-AC22-110D312345FA}.Debug|Any CPU.ActiveCfg = Debug|Any CPU
		{7CC9C506-9AFC-43EA-AC22-110D312345FA}.Debug|Any CPU.Build.0 = Debug|Any CPU
		{7CC9C506-9AFC-43EA-AC22-110D312345FA}.Release|Any CPU.ActiveCfg = Release|Any CPU
		{7CC9C506-9AFC-43EA-AC22-110D312345FA}.Release|Any CPU.Build.0 = Release|Any CPU
		{7C58EAA3-4A50-4F02-9657-883F2A9990CC}.Debug|Any CPU.ActiveCfg = Debug|Any CPU
		{7C58EAA3-4A50-4F02-9657-883F2A9990CC}.Debug|Any CPU.Build.0 = Debug|Any CPU
		{7C58EAA3-4A50-4F02-9657-883F2A9990CC}.Release|Any CPU.ActiveCfg = Release|Any CPU
		{7C58EAA3-4A50-4F02-9657-883F2A9990CC}.Release|Any CPU.Build.0 = Release|Any CPU
		{69C3F75E-DA89-4BA7-960A-83178870466C}.Debug|Any CPU.ActiveCfg = Debug|Any CPU
		{69C3F75E-DA89-4BA7-960A-83178870466C}.Debug|Any CPU.Build.0 = Debug|Any CPU
		{69C3F75E-DA89-4BA7-960A-83178870466C}.Release|Any CPU.ActiveCfg = Release|Any CPU
		{69C3F75E-DA89-4BA7-960A-83178870466C}.Release|Any CPU.Build.0 = Release|Any CPU
		{1B840D1C-8BD9-4D0A-98FA-D1E78F39FF11}.Debug|Any CPU.ActiveCfg = Debug|Any CPU
		{1B840D1C-8BD9-4D0A-98FA-D1E78F39FF11}.Debug|Any CPU.Build.0 = Debug|Any CPU
		{1B840D1C-8BD9-4D0A-98FA-D1E78F39FF11}.Release|Any CPU.ActiveCfg = Release|Any CPU
		{1B840D1C-8BD9-4D0A-98FA-D1E78F39FF11}.Release|Any CPU.Build.0 = Release|Any CPU
		{FB8938C0-A09B-4E94-8146-CCA191D293AC}.Debug|Any CPU.ActiveCfg = Debug|Any CPU
		{FB8938C0-A09B-4E94-8146-CCA191D293AC}.Debug|Any CPU.Build.0 = Debug|Any CPU
		{FB8938C0-A09B-4E94-8146-CCA191D293AC}.Release|Any CPU.ActiveCfg = Release|Any CPU
		{FB8938C0-A09B-4E94-8146-CCA191D293AC}.Release|Any CPU.Build.0 = Release|Any CPU
		{003079D5-C77D-47C4-A250-A840F34FE066}.Debug|Any CPU.ActiveCfg = Debug|Any CPU
		{003079D5-C77D-47C4-A250-A840F34FE066}.Debug|Any CPU.Build.0 = Debug|Any CPU
		{003079D5-C77D-47C4-A250-A840F34FE066}.Release|Any CPU.ActiveCfg = Release|Any CPU
		{003079D5-C77D-47C4-A250-A840F34FE066}.Release|Any CPU.Build.0 = Release|Any CPU
		{961DEA9D-49AD-46D6-AC8A-1787AFC28143}.Debug|Any CPU.ActiveCfg = Debug|Any CPU
		{961DEA9D-49AD-46D6-AC8A-1787AFC28143}.Debug|Any CPU.Build.0 = Debug|Any CPU
		{961DEA9D-49AD-46D6-AC8A-1787AFC28143}.Release|Any CPU.ActiveCfg = Release|Any CPU
		{961DEA9D-49AD-46D6-AC8A-1787AFC28143}.Release|Any CPU.Build.0 = Release|Any CPU
		{A68C8928-A89E-4F25-A458-4DFFA7C1B2D4}.Debug|Any CPU.ActiveCfg = Debug|Any CPU
		{A68C8928-A89E-4F25-A458-4DFFA7C1B2D4}.Debug|Any CPU.Build.0 = Debug|Any CPU
		{A68C8928-A89E-4F25-A458-4DFFA7C1B2D4}.Release|Any CPU.ActiveCfg = Release|Any CPU
		{A68C8928-A89E-4F25-A458-4DFFA7C1B2D4}.Release|Any CPU.Build.0 = Release|Any CPU
		{A53FC3AE-37B6-4F68-88B7-0D1FC4400BA4}.Debug|Any CPU.ActiveCfg = Debug|Any CPU
		{A53FC3AE-37B6-4F68-88B7-0D1FC4400BA4}.Debug|Any CPU.Build.0 = Debug|Any CPU
		{A53FC3AE-37B6-4F68-88B7-0D1FC4400BA4}.Release|Any CPU.ActiveCfg = Release|Any CPU
		{A53FC3AE-37B6-4F68-88B7-0D1FC4400BA4}.Release|Any CPU.Build.0 = Release|Any CPU
		{BC8BBA16-3CA2-4927-83AD-AD1DA2AF8F7A}.Debug|Any CPU.ActiveCfg = Debug|Any CPU
		{BC8BBA16-3CA2-4927-83AD-AD1DA2AF8F7A}.Debug|Any CPU.Build.0 = Debug|Any CPU
		{BC8BBA16-3CA2-4927-83AD-AD1DA2AF8F7A}.Release|Any CPU.ActiveCfg = Release|Any CPU
		{BC8BBA16-3CA2-4927-83AD-AD1DA2AF8F7A}.Release|Any CPU.Build.0 = Release|Any CPU
		{CC969F06-4FE9-443C-9D85-9D94E75AE4B1}.Debug|Any CPU.ActiveCfg = Debug|Any CPU
		{CC969F06-4FE9-443C-9D85-9D94E75AE4B1}.Debug|Any CPU.Build.0 = Debug|Any CPU
		{CC969F06-4FE9-443C-9D85-9D94E75AE4B1}.Release|Any CPU.ActiveCfg = Release|Any CPU
		{CC969F06-4FE9-443C-9D85-9D94E75AE4B1}.Release|Any CPU.Build.0 = Release|Any CPU
		{F50A7E06-1092-4C4B-BD11-C938B1A68F78}.Debug|Any CPU.ActiveCfg = Debug|Any CPU
		{F50A7E06-1092-4C4B-BD11-C938B1A68F78}.Debug|Any CPU.Build.0 = Debug|Any CPU
		{F50A7E06-1092-4C4B-BD11-C938B1A68F78}.Release|Any CPU.ActiveCfg = Release|Any CPU
		{F50A7E06-1092-4C4B-BD11-C938B1A68F78}.Release|Any CPU.Build.0 = Release|Any CPU
		{FE07CCB6-F0D7-49B0-B463-3A9658E9A91B}.Debug|Any CPU.ActiveCfg = Debug|Any CPU
		{FE07CCB6-F0D7-49B0-B463-3A9658E9A91B}.Debug|Any CPU.Build.0 = Debug|Any CPU
		{FE07CCB6-F0D7-49B0-B463-3A9658E9A91B}.Release|Any CPU.ActiveCfg = Release|Any CPU
		{FE07CCB6-F0D7-49B0-B463-3A9658E9A91B}.Release|Any CPU.Build.0 = Release|Any CPU
	EndGlobalSection
	GlobalSection(SolutionProperties) = preSolution
		HideSolutionNode = FALSE
	EndGlobalSection
	GlobalSection(NestedProjects) = preSolution
		{7CC9C506-9AFC-43EA-AC22-110D312345FA} = {343FDF41-9D4E-44C8-BD6C-776E1713C341}
		{012BE9F5-F994-4E89-B4E4-BE2046C602C4} = {343FDF41-9D4E-44C8-BD6C-776E1713C341}
		{1101DF4F-6808-4CDB-B6A4-B73FEAE920BF} = {012BE9F5-F994-4E89-B4E4-BE2046C602C4}
		{7C58EAA3-4A50-4F02-9657-883F2A9990CC} = {1101DF4F-6808-4CDB-B6A4-B73FEAE920BF}
		{69C3F75E-DA89-4BA7-960A-83178870466C} = {1101DF4F-6808-4CDB-B6A4-B73FEAE920BF}
		{2A77CA08-7FA6-48E7-847F-552F6018822C} = {012BE9F5-F994-4E89-B4E4-BE2046C602C4}
		{1B840D1C-8BD9-4D0A-98FA-D1E78F39FF11} = {2A77CA08-7FA6-48E7-847F-552F6018822C}
		{FB8938C0-A09B-4E94-8146-CCA191D293AC} = {2A77CA08-7FA6-48E7-847F-552F6018822C}
		{003079D5-C77D-47C4-A250-A840F34FE066} = {343FDF41-9D4E-44C8-BD6C-776E1713C341}
		{AA29641B-BC92-42AC-9225-B147412BF510} = {343FDF41-9D4E-44C8-BD6C-776E1713C341}
		{961DEA9D-49AD-46D6-AC8A-1787AFC28143} = {32935EC7-D2E9-474E-8DE8-A68C5BE115F0}
		{CAFECE49-40F7-4AC7-876B-BB3A08D99513} = {AA29641B-BC92-42AC-9225-B147412BF510}
		{CD69DA22-FD3C-4242-B362-7D8871530060} = {AA29641B-BC92-42AC-9225-B147412BF510}
		{3DAFB20A-7D58-43FF-BEBE-4B22A847150C} = {AA29641B-BC92-42AC-9225-B147412BF510}
		{A68C8928-A89E-4F25-A458-4DFFA7C1B2D4} = {CAFECE49-40F7-4AC7-876B-BB3A08D99513}
		{A53FC3AE-37B6-4F68-88B7-0D1FC4400BA4} = {CD69DA22-FD3C-4242-B362-7D8871530060}
		{BC8BBA16-3CA2-4927-83AD-AD1DA2AF8F7A} = {CD69DA22-FD3C-4242-B362-7D8871530060}
		{CC969F06-4FE9-443C-9D85-9D94E75AE4B1} = {3DAFB20A-7D58-43FF-BEBE-4B22A847150C}
		{F50A7E06-1092-4C4B-BD11-C938B1A68F78} = {3DAFB20A-7D58-43FF-BEBE-4B22A847150C}
		{FE07CCB6-F0D7-49B0-B463-3A9658E9A91B} = {CAFECE49-40F7-4AC7-876B-BB3A08D99513}
	EndGlobalSection
	GlobalSection(ExtensibilityGlobals) = postSolution
		SolutionGuid = {9B3A0B06-3F1C-44FF-810A-7AE391192FD9}
	EndGlobalSection
EndGlobal
